
Microsoft Visual Studio Solution File, Format Version 12.00
# Visual Studio 15
VisualStudioVersion = 15.0.28307.705
MinimumVisualStudioVersion = 10.0.40219.1
Project("{FAE04EC0-301F-11D3-BF4B-00C04F79EFBC}") = "MaiAnhNam_baihat", "MaiAnhNam_baihat\MaiAnhNam_baihat.csproj", "{381835AA-8ED7-40E3-BFF7-9D03E34EA232}"
EndProject
Global
	GlobalSection(SolutionConfigurationPlatforms) = preSolution
		Debug|Any CPU = Debug|Any CPU
		Release|Any CPU = Release|Any CPU
	EndGlobalSection
	GlobalSection(ProjectConfigurationPlatforms) = postSolution
		{381835AA-8ED7-40E3-BFF7-9D03E34EA232}.Debug|Any CPU.ActiveCfg = Debug|Any CPU
		{381835AA-8ED7-40E3-BFF7-9D03E34EA232}.Debug|Any CPU.Build.0 = Debug|Any CPU
		{381835AA-8ED7-40E3-BFF7-9D03E34EA232}.Release|Any CPU.ActiveCfg = Release|Any CPU
		{381835AA-8ED7-40E3-BFF7-9D03E34EA232}.Release|Any CPU.Build.0 = Release|Any CPU
	EndGlobalSection
	GlobalSection(SolutionProperties) = preSolution
		HideSolutionNode = FALSE
	EndGlobalSection
	GlobalSection(ExtensibilityGlobals) = postSolution
		SolutionGuid = {262D681A-705E-4DA7-83A4-024CA9494C88}
	EndGlobalSection
EndGlobal
